// !$*UTF8*$!
{
	archiveVersion = 1;
	classes = {
	};
	objectVersion = 48;
	objects = {

/* Begin PBXBuildFile section */
		135A55DE20CE5248005E861F /* AppDelegate.m in Sources */ = {isa = PBXBuildFile; fileRef = 135A55DD20CE5248005E861F /* AppDelegate.m */; };
		135A55E120CE5248005E861F /* ViewController.m in Sources */ = {isa = PBXBuildFile; fileRef = 135A55E020CE5248005E861F /* ViewController.m */; };
		135A55E420CE5248005E861F /* Main.storyboard in Resources */ = {isa = PBXBuildFile; fileRef = 135A55E220CE5248005E861F /* Main.storyboard */; };
		135A55E620CE5248005E861F /* Assets.xcassets in Resources */ = {isa = PBXBuildFile; fileRef = 135A55E520CE5248005E861F /* Assets.xcassets */; };
		135A55E920CE5248005E861F /* LaunchScreen.storyboard in Resources */ = {isa = PBXBuildFile; fileRef = 135A55E720CE5248005E861F /* LaunchScreen.storyboard */; };
		135A55EC20CE5248005E861F /* main.m in Sources */ = {isa = PBXBuildFile; fileRef = 135A55EB20CE5248005E861F /* main.m */; };
		135A55F620CE5248005E861F /* ColorsHelperTests.m in Sources */ = {isa = PBXBuildFile; fileRef = 135A55F520CE5248005E861F /* ColorsHelperTests.m */; };
		135A560120CE5249005E861F /* ColorsHelperUITests.m in Sources */ = {isa = PBXBuildFile; fileRef = 135A560020CE5249005E861F /* ColorsHelperUITests.m */; };
		135A561020CE52E5005E861F /* UIColor+ColorWithString.m in Sources */ = {isa = PBXBuildFile; fileRef = 135A560F20CE52E5005E861F /* UIColor+ColorWithString.m */; };
/* End PBXBuildFile section */

/* Begin PBXContainerItemProxy section */
		135A55F220CE5248005E861F /* PBXContainerItemProxy */ = {
			isa = PBXContainerItemProxy;
			containerPortal = 135A55D120CE5248005E861F /* Project object */;
			proxyType = 1;
			remoteGlobalIDString = 135A55D820CE5248005E861F;
			remoteInfo = ColorsHelper;
		};
		135A55FD20CE5249005E861F /* PBXContainerItemProxy */ = {
			isa = PBXContainerItemProxy;
			containerPortal = 135A55D120CE5248005E861F /* Project object */;
			proxyType = 1;
			remoteGlobalIDString = 135A55D820CE5248005E861F;
			remoteInfo = ColorsHelper;
		};
/* End PBXContainerItemProxy section */

/* Begin PBXFileReference section */
		135A55D920CE5248005E861F /* ColorsHelper.app */ = {isa = PBXFileReference; explicitFileType = wrapper.application; includeInIndex = 0; path = ColorsHelper.app; sourceTree = BUILT_PRODUCTS_DIR; };
		135A55DC20CE5248005E861F /* AppDelegate.h */ = {isa = PBXFileReference; lastKnownFileType = sourcecode.c.h; path = AppDelegate.h; sourceTree = "<group>"; };
		135A55DD20CE5248005E861F /* AppDelegate.m */ = {isa = PBXFileReference; lastKnownFileType = sourcecode.c.objc; path = AppDelegate.m; sourceTree = "<group>"; };
		135A55DF20CE5248005E861F /* ViewController.h */ = {isa = PBXFileReference; lastKnownFileType = sourcecode.c.h; path = ViewController.h; sourceTree = "<group>"; };
		135A55E020CE5248005E861F /* ViewController.m */ = {isa = PBXFileReference; lastKnownFileType = sourcecode.c.objc; path = ViewController.m; sourceTree = "<group>"; };
		135A55E320CE5248005E861F /* Base */ = {isa = PBXFileReference; lastKnownFileType = file.storyboard; name = Base; path = Base.lproj/Main.storyboard; sourceTree = "<group>"; };
		135A55E520CE5248005E861F /* Assets.xcassets */ = {isa = PBXFileReference; lastKnownFileType = folder.assetcatalog; path = Assets.xcassets; sourceTree = "<group>"; };
		135A55E820CE5248005E861F /* Base */ = {isa = PBXFileReference; lastKnownFileType = file.storyboard; name = Base; path = Base.lproj/LaunchScreen.storyboard; sourceTree = "<group>"; };
		135A55EA20CE5248005E861F /* Info.plist */ = {isa = PBXFileReference; lastKnownFileType = text.plist.xml; path = Info.plist; sourceTree = "<group>"; };
		135A55EB20CE5248005E861F /* main.m */ = {isa = PBXFileReference; lastKnownFileType = sourcecode.c.objc; path = main.m; sourceTree = "<group>"; };
		135A55F120CE5248005E861F /* ColorsHelperTests.xctest */ = {isa = PBXFileReference; explicitFileType = wrapper.cfbundle; includeInIndex = 0; path = ColorsHelperTests.xctest; sourceTree = BUILT_PRODUCTS_DIR; };
		135A55F520CE5248005E861F /* ColorsHelperTests.m */ = {isa = PBXFileReference; lastKnownFileType = sourcecode.c.objc; path = ColorsHelperTests.m; sourceTree = "<group>"; };
		135A55F720CE5248005E861F /* Info.plist */ = {isa = PBXFileReference; lastKnownFileType = text.plist.xml; path = Info.plist; sourceTree = "<group>"; };
		135A55FC20CE5249005E861F /* ColorsHelperUITests.xctest */ = {isa = PBXFileReference; explicitFileType = wrapper.cfbundle; includeInIndex = 0; path = ColorsHelperUITests.xctest; sourceTree = BUILT_PRODUCTS_DIR; };
		135A560020CE5249005E861F /* ColorsHelperUITests.m */ = {isa = PBXFileReference; lastKnownFileType = sourcecode.c.objc; path = ColorsHelperUITests.m; sourceTree = "<group>"; };
		135A560220CE5249005E861F /* Info.plist */ = {isa = PBXFileReference; lastKnownFileType = text.plist.xml; path = Info.plist; sourceTree = "<group>"; };
		135A560E20CE52E5005E861F /* UIColor+ColorWithString.h */ = {isa = PBXFileReference; lastKnownFileType = sourcecode.c.h; path = "UIColor+ColorWithString.h"; sourceTree = "<group>"; };
		135A560F20CE52E5005E861F /* UIColor+ColorWithString.m */ = {isa = PBXFileReference; lastKnownFileType = sourcecode.c.objc; path = "UIColor+ColorWithString.m"; sourceTree = "<group>"; };
/* End PBXFileReference section */

/* Begin PBXFrameworksBuildPhase section */
		135A55D620CE5248005E861F /* Frameworks */ = {
			isa = PBXFrameworksBuildPhase;
			buildActionMask = 2147483647;
			files = (
			);
			runOnlyForDeploymentPostprocessing = 0;
		};
		135A55EE20CE5248005E861F /* Frameworks */ = {
			isa = PBXFrameworksBuildPhase;
			buildActionMask = 2147483647;
			files = (
			);
			runOnlyForDeploymentPostprocessing = 0;
		};
		135A55F920CE5249005E861F /* Frameworks */ = {
			isa = PBXFrameworksBuildPhase;
			buildActionMask = 2147483647;
			files = (
			);
			runOnlyForDeploymentPostprocessing = 0;
		};
/* End PBXFrameworksBuildPhase section */

/* Begin PBXGroup section */
		135A55D020CE5248005E861F = {
			isa = PBXGroup;
			children = (
				135A55DB20CE5248005E861F /* ColorsHelper */,
				135A55F420CE5248005E861F /* ColorsHelperTests */,
				135A55FF20CE5249005E861F /* ColorsHelperUITests */,
				135A55DA20CE5248005E861F /* Products */,
			);
			sourceTree = "<group>";
		};
		135A55DA20CE5248005E861F /* Products */ = {
			isa = PBXGroup;
			children = (
				135A55D920CE5248005E861F /* ColorsHelper.app */,
				135A55F120CE5248005E861F /* ColorsHelperTests.xctest */,
				135A55FC20CE5249005E861F /* ColorsHelperUITests.xctest */,
			);
			name = Products;
			sourceTree = "<group>";
		};
		135A55DB20CE5248005E861F /* ColorsHelper */ = {
			isa = PBXGroup;
			children = (
				135A55DC20CE5248005E861F /* AppDelegate.h */,
				135A55DD20CE5248005E861F /* AppDelegate.m */,
				135A55DF20CE5248005E861F /* ViewController.h */,
				135A55E020CE5248005E861F /* ViewController.m */,
				135A560E20CE52E5005E861F /* UIColor+ColorWithString.h */,
				135A560F20CE52E5005E861F /* UIColor+ColorWithString.m */,
				135A55E220CE5248005E861F /* Main.storyboard */,
				135A55E520CE5248005E861F /* Assets.xcassets */,
				135A55E720CE5248005E861F /* LaunchScreen.storyboard */,
				135A55EA20CE5248005E861F /* Info.plist */,
				135A55EB20CE5248005E861F /* main.m */,
			);
			path = ColorsHelper;
			sourceTree = "<group>";
		};
		135A55F420CE5248005E861F /* ColorsHelperTests */ = {
			isa = PBXGroup;
			children = (
				135A55F520CE5248005E861F /* ColorsHelperTests.m */,
				135A55F720CE5248005E861F /* Info.plist */,
			);
			path = ColorsHelperTests;
			sourceTree = "<group>";
		};
		135A55FF20CE5249005E861F /* ColorsHelperUITests */ = {
			isa = PBXGroup;
			children = (
				135A560020CE5249005E861F /* ColorsHelperUITests.m */,
				135A560220CE5249005E861F /* Info.plist */,
			);
			path = ColorsHelperUITests;
			sourceTree = "<group>";
		};
/* End PBXGroup section */

/* Begin PBXNativeTarget section */
		135A55D820CE5248005E861F /* ColorsHelper */ = {
			isa = PBXNativeTarget;
			buildConfigurationList = 135A560520CE5249005E861F /* Build configuration list for PBXNativeTarget "ColorsHelper" */;
			buildPhases = (
				135A55D520CE5248005E861F /* Sources */,
				135A55D620CE5248005E861F /* Frameworks */,
				135A55D720CE5248005E861F /* Resources */,
			);
			buildRules = (
			);
			dependencies = (
			);
			name = ColorsHelper;
			productName = ColorsHelper;
			productReference = 135A55D920CE5248005E861F /* ColorsHelper.app */;
			productType = "com.apple.product-type.application";
		};
		135A55F020CE5248005E861F /* ColorsHelperTests */ = {
			isa = PBXNativeTarget;
			buildConfigurationList = 135A560820CE5249005E861F /* Build configuration list for PBXNativeTarget "ColorsHelperTests" */;
			buildPhases = (
				135A55ED20CE5248005E861F /* Sources */,
				135A55EE20CE5248005E861F /* Frameworks */,
				135A55EF20CE5248005E861F /* Resources */,
			);
			buildRules = (
			);
			dependencies = (
				135A55F320CE5248005E861F /* PBXTargetDependency */,
			);
			name = ColorsHelperTests;
			productName = ColorsHelperTests;
			productReference = 135A55F120CE5248005E861F /* ColorsHelperTests.xctest */;
			productType = "com.apple.product-type.bundle.unit-test";
		};
		135A55FB20CE5249005E861F /* ColorsHelperUITests */ = {
			isa = PBXNativeTarget;
			buildConfigurationList = 135A560B20CE5249005E861F /* Build configuration list for PBXNativeTarget "ColorsHelperUITests" */;
			buildPhases = (
				135A55F820CE5249005E861F /* Sources */,
				135A55F920CE5249005E861F /* Frameworks */,
				135A55FA20CE5249005E861F /* Resources */,
			);
			buildRules = (
			);
			dependencies = (
				135A55FE20CE5249005E861F /* PBXTargetDependency */,
			);
			name = ColorsHelperUITests;
			productName = ColorsHelperUITests;
			productReference = 135A55FC20CE5249005E861F /* ColorsHelperUITests.xctest */;
			productType = "com.apple.product-type.bundle.ui-testing";
		};
/* End PBXNativeTarget section */

/* Begin PBXProject section */
		135A55D120CE5248005E861F /* Project object */ = {
			isa = PBXProject;
			attributes = {
				LastUpgradeCheck = 0920;
				ORGANIZATIONNAME = Si;
				TargetAttributes = {
					135A55D820CE5248005E861F = {
						CreatedOnToolsVersion = 9.2;
						ProvisioningStyle = Automatic;
					};
					135A55F020CE5248005E861F = {
						CreatedOnToolsVersion = 9.2;
						ProvisioningStyle = Automatic;
						TestTargetID = 135A55D820CE5248005E861F;
					};
					135A55FB20CE5249005E861F = {
						CreatedOnToolsVersion = 9.2;
						ProvisioningStyle = Automatic;
						TestTargetID = 135A55D820CE5248005E861F;
					};
				};
			};
			buildConfigurationList = 135A55D420CE5248005E861F /* Build configuration list for PBXProject "ColorsHelper" */;
			compatibilityVersion = "Xcode 8.0";
			developmentRegion = en;
			hasScannedForEncodings = 0;
			knownRegions = (
				en,
				Base,
			);
			mainGroup = 135A55D020CE5248005E861F;
			productRefGroup = 135A55DA20CE5248005E861F /* Products */;
			projectDirPath = "";
			projectRoot = "";
			targets = (
				135A55D820CE5248005E861F /* ColorsHelper */,
				135A55F020CE5248005E861F /* ColorsHelperTests */,
				135A55FB20CE5249005E861F /* ColorsHelperUITests */,
			);
		};
/* End PBXProject section */

/* Begin PBXResourcesBuildPhase section */
		135A55D720CE5248005E861F /* Resources */ = {
			isa = PBXResourcesBuildPhase;
			buildActionMask = 2147483647;
			files = (
				135A55E920CE5248005E861F /* LaunchScreen.storyboard in Resources */,
				135A55E620CE5248005E861F /* Assets.xcassets in Resources */,
				135A55E420CE5248005E861F /* Main.storyboard in Resources */,
			);
			runOnlyForDeploymentPostprocessing = 0;
		};
		135A55EF20CE5248005E861F /* Resources */ = {
			isa = PBXResourcesBuildPhase;
			buildActionMask = 2147483647;
			files = (
			);
			runOnlyForDeploymentPostprocessing = 0;
		};
		135A55FA20CE5249005E861F /* Resources */ = {
			isa = PBXResourcesBuildPhase;
			buildActionMask = 2147483647;
			files = (
			);
			runOnlyForDeploymentPostprocessing = 0;
		};
/* End PBXResourcesBuildPhase section */

/* Begin PBXSourcesBuildPhase section */
		135A55D520CE5248005E861F /* Sources */ = {
			isa = PBXSourcesBuildPhase;
			buildActionMask = 2147483647;
			files = (
				135A55E120CE5248005E861F /* ViewController.m in Sources */,
				135A55EC20CE5248005E861F /* main.m in Sources */,
				135A561020CE52E5005E861F /* UIColor+ColorWithString.m in Sources */,
				135A55DE20CE5248005E861F /* AppDelegate.m in Sources */,
			);
			runOnlyForDeploymentPostprocessing = 0;
		};
		135A55ED20CE5248005E861F /* Sources */ = {
			isa = PBXSourcesBuildPhase;
			buildActionMask = 2147483647;
			files = (
				135A55F620CE5248005E861F /* ColorsHelperTests.m in Sources */,
			);
			runOnlyForDeploymentPostprocessing = 0;
		};
		135A55F820CE5249005E861F /* Sources */ = {
			isa = PBXSourcesBuildPhase;
			buildActionMask = 2147483647;
			files = (
				135A560120CE5249005E861F /* ColorsHelperUITests.m in Sources */,
			);
			runOnlyForDeploymentPostprocessing = 0;
		};
/* End PBXSourcesBuildPhase section */

/* Begin PBXTargetDependency section */
		135A55F320CE5248005E861F /* PBXTargetDependency */ = {
			isa = PBXTargetDependency;
			target = 135A55D820CE5248005E861F /* ColorsHelper */;
			targetProxy = 135A55F220CE5248005E861F /* PBXContainerItemProxy */;
		};
		135A55FE20CE5249005E861F /* PBXTargetDependency */ = {
			isa = PBXTargetDependency;
			target = 135A55D820CE5248005E861F /* ColorsHelper */;
			targetProxy = 135A55FD20CE5249005E861F /* PBXContainerItemProxy */;
		};
/* End PBXTargetDependency section */

/* Begin PBXVariantGroup section */
		135A55E220CE5248005E861F /* Main.storyboard */ = {
			isa = PBXVariantGroup;
			children = (
				135A55E320CE5248005E861F /* Base */,
			);
			name = Main.storyboard;
			sourceTree = "<group>";
		};
		135A55E720CE5248005E861F /* LaunchScreen.storyboard */ = {
			isa = PBXVariantGroup;
			children = (
				135A55E820CE5248005E861F /* Base */,
			);
			name = LaunchScreen.storyboard;
			sourceTree = "<group>";
		};
/* End PBXVariantGroup section */

/* Begin XCBuildConfiguration section */
		135A560320CE5249005E861F /* Debug */ = {
			isa = XCBuildConfiguration;
			buildSettings = {
				ALWAYS_SEARCH_USER_PATHS = NO;
				CLANG_ANALYZER_NONNULL = YES;
				CLANG_ANALYZER_NUMBER_OBJECT_CONVERSION = YES_AGGRESSIVE;
				CLANG_CXX_LANGUAGE_STANDARD = "gnu++14";
				CLANG_CXX_LIBRARY = "libc++";
				CLANG_ENABLE_MODULES = YES;
				CLANG_ENABLE_OBJC_ARC = YES;
				CLANG_WARN_BLOCK_CAPTURE_AUTORELEASING = YES;
				CLANG_WARN_BOOL_CONVERSION = YES;
				CLANG_WARN_COMMA = YES;
				CLANG_WARN_CONSTANT_CONVERSION = YES;
				CLANG_WARN_DIRECT_OBJC_ISA_USAGE = YES_ERROR;
				CLANG_WARN_DOCUMENTATION_COMMENTS = YES;
				CLANG_WARN_EMPTY_BODY = YES;
				CLANG_WARN_ENUM_CONVERSION = YES;
				CLANG_WARN_INFINITE_RECURSION = YES;
				CLANG_WARN_INT_CONVERSION = YES;
				CLANG_WARN_NON_LITERAL_NULL_CONVERSION = YES;
				CLANG_WARN_OBJC_LITERAL_CONVERSION = YES;
				CLANG_WARN_OBJC_ROOT_CLASS = YES_ERROR;
				CLANG_WARN_RANGE_LOOP_ANALYSIS = YES;
				CLANG_WARN_STRICT_PROTOTYPES = YES;
				CLANG_WARN_SUSPICIOUS_MOVE = YES;
				CLANG_WARN_UNGUARDED_AVAILABILITY = YES_AGGRESSIVE;
				CLANG_WARN_UNREACHABLE_CODE = YES;
				CLANG_WARN__DUPLICATE_METHOD_MATCH = YES;
				CODE_SIGN_IDENTITY = "iPhone Developer";
				COPY_PHASE_STRIP = NO;
				DEBUG_INFORMATION_FORMAT = dwarf;
				ENABLE_STRICT_OBJC_MSGSEND = YES;
				ENABLE_TESTABILITY = YES;
				GCC_C_LANGUAGE_STANDARD = gnu11;
				GCC_DYNAMIC_NO_PIC = NO;
				GCC_NO_COMMON_BLOCKS = YES;
				GCC_OPTIMIZATION_LEVEL = 0;
				GCC_PREPROCESSOR_DEFINITIONS = (
					"DEBUG=1",
					"$(inherited)",
				);
				GCC_WARN_64_TO_32_BIT_CONVERSION = YES;
				GCC_WARN_ABOUT_RETURN_TYPE = YES_ERROR;
				GCC_WARN_UNDECLARED_SELECTOR = YES;
				GCC_WARN_UNINITIALIZED_AUTOS = YES_AGGRESSIVE;
				GCC_WARN_UNUSED_FUNCTION = YES;
				GCC_WARN_UNUSED_VARIABLE = YES;
				IPHONEOS_DEPLOYMENT_TARGET = 11.2;
				MTL_ENABLE_DEBUG_INFO = YES;
				ONLY_ACTIVE_ARCH = YES;
				SDKROOT = iphoneos;
			};
			name = Debug;
		};
		135A560420CE5249005E861F /* Release */ = {
			isa = XCBuildConfiguration;
			buildSettings = {
				ALWAYS_SEARCH_USER_PATHS = NO;
				CLANG_ANALYZER_NONNULL = YES;
				CLANG_ANALYZER_NUMBER_OBJECT_CONVERSION = YES_AGGRESSIVE;
				CLANG_CXX_LANGUAGE_STANDARD = "gnu++14";
				CLANG_CXX_LIBRARY = "libc++";
				CLANG_ENABLE_MODULES = YES;
				CLANG_ENABLE_OBJC_ARC = YES;
				CLANG_WARN_BLOCK_CAPTURE_AUTORELEASING = YES;
				CLANG_WARN_BOOL_CONVERSION = YES;
				CLANG_WARN_COMMA = YES;
				CLANG_WARN_CONSTANT_CONVERSION = YES;
				CLANG_WARN_DIRECT_OBJC_ISA_USAGE = YES_ERROR;
				CLANG_WARN_DOCUMENTATION_COMMENTS = YES;
				CLANG_WARN_EMPTY_BODY = YES;
				CLANG_WARN_ENUM_CONVERSION = YES;
				CLANG_WARN_INFINITE_RECURSION = YES;
				CLANG_WARN_INT_CONVERSION = YES;
				CLANG_WARN_NON_LITERAL_NULL_CONVERSION = YES;
				CLANG_WARN_OBJC_LITERAL_CONVERSION = YES;
				CLANG_WARN_OBJC_ROOT_CLASS = YES_ERROR;
				CLANG_WARN_RANGE_LOOP_ANALYSIS = YES;
				CLANG_WARN_STRICT_PROTOTYPES = YES;
				CLANG_WARN_SUSPICIOUS_MOVE = YES;
				CLANG_WARN_UNGUARDED_AVAILABILITY = YES_AGGRESSIVE;
				CLANG_WARN_UNREACHABLE_CODE = YES;
				CLANG_WARN__DUPLICATE_METHOD_MATCH = YES;
				CODE_SIGN_IDENTITY = "iPhone Developer";
				COPY_PHASE_STRIP = NO;
				DEBUG_INFORMATION_FORMAT = "dwarf-with-dsym";
				ENABLE_NS_ASSERTIONS = NO;
				ENABLE_STRICT_OBJC_MSGSEND = YES;
				GCC_C_LANGUAGE_STANDARD = gnu11;
				GCC_NO_COMMON_BLOCKS = YES;
				GCC_WARN_64_TO_32_BIT_CONVERSION = YES;
				GCC_WARN_ABOUT_RETURN_TYPE = YES_ERROR;
				GCC_WARN_UNDECLARED_SELECTOR = YES;
				GCC_WARN_UNINITIALIZED_AUTOS = YES_AGGRESSIVE;
				GCC_WARN_UNUSED_FUNCTION = YES;
				GCC_WARN_UNUSED_VARIABLE = YES;
				IPHONEOS_DEPLOYMENT_TARGET = 11.2;
				MTL_ENABLE_DEBUG_INFO = NO;
				SDKROOT = iphoneos;
				VALIDATE_PRODUCT = YES;
			};
			name = Release;
		};
		135A560620CE5249005E861F /* Debug */ = {
			isa = XCBuildConfiguration;
			buildSettings = {
				ASSETCATALOG_COMPILER_APPICON_NAME = AppIcon;
				CODE_SIGN_STYLE = Automatic;
				INFOPLIST_FILE = ColorsHelper/Info.plist;
				LD_RUNPATH_SEARCH_PATHS = "$(inherited) @executable_path/Frameworks";
				PRODUCT_BUNDLE_IDENTIFIER = com.shhgithub.ColorsHelper;
				PRODUCT_NAME = "$(TARGET_NAME)";
				TARGETED_DEVICE_FAMILY = "1,2";
			};
			name = Debug;
		};
		135A560720CE5249005E861F /* Release */ = {
			isa = XCBuildConfiguration;
			buildSettings = {
				ASSETCATALOG_COMPILER_APPICON_NAME = AppIcon;
				CODE_SIGN_STYLE = Automatic;
				INFOPLIST_FILE = ColorsHelper/Info.plist;
				LD_RUNPATH_SEARCH_PATHS = "$(inherited) @executable_path/Frameworks";
				PRODUCT_BUNDLE_IDENTIFIER = com.shhgithub.ColorsHelper;
				PRODUCT_NAME = "$(TARGET_NAME)";
				TARGETED_DEVICE_FAMILY = "1,2";
			};
			name = Release;
		};
		135A560920CE5249005E861F /* Debug */ = {
			isa = XCBuildConfiguration;
			buildSettings = {
				BUNDLE_LOADER = "$(TEST_HOST)";
				CODE_SIGN_STYLE = Automatic;
				INFOPLIST_FILE = ColorsHelperTests/Info.plist;
				LD_RUNPATH_SEARCH_PATHS = "$(inherited) @executable_path/Frameworks @loader_path/Frameworks";
				PRODUCT_BUNDLE_IDENTIFIER = com.shhgithub.ColorsHelperTests;
				PRODUCT_NAME = "$(TARGET_NAME)";
				TARGETED_DEVICE_FAMILY = "1,2";
				TEST_HOST = "$(BUILT_PRODUCTS_DIR)/ColorsHelper.app/ColorsHelper";
			};
			name = Debug;
		};
		135A560A20CE5249005E861F /* Release */ = {
			isa = XCBuildConfiguration;
			buildSettings = {
				BUNDLE_LOADER = "$(TEST_HOST)";
				CODE_SIGN_STYLE = Automatic;
				INFOPLIST_FILE = ColorsHelperTests/Info.plist;
				LD_RUNPATH_SEARCH_PATHS = "$(inherited) @executable_path/Frameworks @loader_path/Frameworks";
				PRODUCT_BUNDLE_IDENTIFIER = com.shhgithub.ColorsHelperTests;
				PRODUCT_NAME = "$(TARGET_NAME)";
				TARGETED_DEVICE_FAMILY = "1,2";
				TEST_HOST = "$(BUILT_PRODUCTS_DIR)/ColorsHelper.app/ColorsHelper";
			};
			name = Release;
		};
		135A560C20CE5249005E861F /* Debug */ = {
			isa = XCBuildConfiguration;
			buildSettings = {
				CODE_SIGN_STYLE = Automatic;
				INFOPLIST_FILE = ColorsHelperUITests/Info.plist;
				LD_RUNPATH_SEARCH_PATHS = "$(inherited) @executable_path/Frameworks @loader_path/Frameworks";
				PRODUCT_BUNDLE_IDENTIFIER = com.shhgithub.ColorsHelperUITests;
				PRODUCT_NAME = "$(TARGET_NAME)";
				TARGETED_DEVICE_FAMILY = "1,2";
				TEST_TARGET_NAME = ColorsHelper;
			};
			name = Debug;
		};
		135A560D20CE5249005E861F /* Release */ = {
			isa = XCBuildConfiguration;
			buildSettings = {
				CODE_SIGN_STYLE = Automatic;
				INFOPLIST_FILE = ColorsHelperUITests/Info.plist;
				LD_RUNPATH_SEARCH_PATHS = "$(inherited) @executable_path/Frameworks @loader_path/Frameworks";
				PRODUCT_BUNDLE_IDENTIFIER = com.shhgithub.ColorsHelperUITests;
				PRODUCT_NAME = "$(TARGET_NAME)";
				TARGETED_DEVICE_FAMILY = "1,2";
				TEST_TARGET_NAME = ColorsHelper;
			};
			name = Release;
		};
/* End XCBuildConfiguration section */

/* Begin XCConfigurationList section */
		135A55D420CE5248005E861F /* Build configuration list for PBXProject "ColorsHelper" */ = {
			isa = XCConfigurationList;
			buildConfigurations = (
				135A560320CE5249005E861F /* Debug */,
				135A560420CE5249005E861F /* Release */,
			);
			defaultConfigurationIsVisible = 0;
			defaultConfigurationName = Release;
		};
		135A560520CE5249005E861F /* Build configuration list for PBXNativeTarget "ColorsHelper" */ = {
			isa = XCConfigurationList;
			buildConfigurations = (
				135A560620CE5249005E861F /* Debug */,
				135A560720CE5249005E861F /* Release */,
			);
			defaultConfigurationIsVisible = 0;
			defaultConfigurationName = Release;
		};
		135A560820CE5249005E861F /* Build configuration list for PBXNativeTarget "ColorsHelperTests" */ = {
			isa = XCConfigurationList;
			buildConfigurations = (
				135A560920CE5249005E861F /* Debug */,
				135A560A20CE5249005E861F /* Release */,
			);
			defaultConfigurationIsVisible = 0;
			defaultConfigurationName = Release;
		};
		135A560B20CE5249005E861F /* Build configuration list for PBXNativeTarget "ColorsHelperUITests" */ = {
			isa = XCConfigurationList;
			buildConfigurations = (
				135A560C20CE5249005E861F /* Debug */,
				135A560D20CE5249005E861F /* Release */,
			);
			defaultConfigurationIsVisible = 0;
			defaultConfigurationName = Release;
		};
/* End XCConfigurationList section */
	};
	rootObject = 135A55D120CE5248005E861F /* Project object */;
}
